// !$*UTF8*$!
{
	archiveVersion = 1;
	classes = {
	};
	objectVersion = 55;
	objects = {

/* Begin PBXBuildFile section */
		B81A83DA2737A1FF001C6582 /* EditItemView.swift in Sources */ = {isa = PBXBuildFile; fileRef = B81A83D92737A1FF001C6582 /* EditItemView.swift */; };
		B81A83DC2737B4AA001C6582 /* ItemRowView.swift in Sources */ = {isa = PBXBuildFile; fileRef = B81A83DB2737B4AA001C6582 /* ItemRowView.swift */; };
		B823EA0F2733A50E001EF317 /* HomeView.swift in Sources */ = {isa = PBXBuildFile; fileRef = B823EA0E2733A50E001EF317 /* HomeView.swift */; };
		B823EA112733A627001EF317 /* ProjectsView.swift in Sources */ = {isa = PBXBuildFile; fileRef = B823EA102733A627001EF317 /* ProjectsView.swift */; };
		B825DFA027386181001E7D4F /* Binding-OnChange.swift in Sources */ = {isa = PBXBuildFile; fileRef = B825DF9F27386181001E7D4F /* Binding-OnChange.swift */; };
		B825DFA22739064E001E7D4F /* ProjectHeaderView.swift in Sources */ = {isa = PBXBuildFile; fileRef = B825DFA12739064E001E7D4F /* ProjectHeaderView.swift */; };
		B825DFA4273910CB001E7D4F /* Colors.xcassets in Resources */ = {isa = PBXBuildFile; fileRef = B825DFA3273910CB001E7D4F /* Colors.xcassets */; };
		B8515E18273CFD9A00EDE6EA /* Sequence-Sorting.swift in Sources */ = {isa = PBXBuildFile; fileRef = B8515E17273CFD9A00EDE6EA /* Sequence-Sorting.swift */; };
		B8798C99274226B000EA0737 /* Award.swift in Sources */ = {isa = PBXBuildFile; fileRef = B8798C98274226B000EA0737 /* Award.swift */; };
		B8798C9B2742280D00EA0737 /* AwardsView.swift in Sources */ = {isa = PBXBuildFile; fileRef = B8798C9A2742280D00EA0737 /* AwardsView.swift */; };
		B88C70BF2742F088001737D1 /* Color-Additions.swift in Sources */ = {isa = PBXBuildFile; fileRef = B88C70BE2742F088001737D1 /* Color-Additions.swift */; };
		B89C791827457B8700DEA605 /* ItemListView.swift in Sources */ = {isa = PBXBuildFile; fileRef = B89C791727457B8700DEA605 /* ItemListView.swift */; };
		B89C791A27457CE200DEA605 /* ProjectSummaryView.swift in Sources */ = {isa = PBXBuildFile; fileRef = B89C791927457CE200DEA605 /* ProjectSummaryView.swift */; };
		B8B2560C27448DE400A5ADB0 /* Localizable.strings in Resources */ = {isa = PBXBuildFile; fileRef = B8B2560E27448DE400A5ADB0 /* Localizable.strings */; };
		B8B2561027448EBF00A5ADB0 /* Localizable.stringsdict in Resources */ = {isa = PBXBuildFile; fileRef = B8B2561227448EBF00A5ADB0 /* Localizable.stringsdict */; };
		B8B256142744907400A5ADB0 /* Awards.json in Resources */ = {isa = PBXBuildFile; fileRef = B8B256162744907400A5ADB0 /* Awards.json */; };
		B8BBD5D1273E448B005C761A /* SelectSomethingView.swift in Sources */ = {isa = PBXBuildFile; fileRef = B8BBD5D0273E448B005C761A /* SelectSomethingView.swift */; };
		B8D134952739A4D000ADBE24 /* EditProjectView.swift in Sources */ = {isa = PBXBuildFile; fileRef = B8D134942739A4D000ADBE24 /* EditProjectView.swift */; };
		B8D507672740DDBB0066BDDC /* Bundle-Decodable.swift in Sources */ = {isa = PBXBuildFile; fileRef = B8D507662740DDBB0066BDDC /* Bundle-Decodable.swift */; };
		B8D68EDB27319CFD00FCE194 /* UltimatePortfolioApp.swift in Sources */ = {isa = PBXBuildFile; fileRef = B8D68EDA27319CFD00FCE194 /* UltimatePortfolioApp.swift */; };
		B8D68EDD27319CFD00FCE194 /* ContentView.swift in Sources */ = {isa = PBXBuildFile; fileRef = B8D68EDC27319CFD00FCE194 /* ContentView.swift */; };
		B8D68EDF27319D0000FCE194 /* Assets.xcassets in Resources */ = {isa = PBXBuildFile; fileRef = B8D68EDE27319D0000FCE194 /* Assets.xcassets */; };
		B8D68EE227319D0000FCE194 /* Preview Assets.xcassets in Resources */ = {isa = PBXBuildFile; fileRef = B8D68EE127319D0000FCE194 /* Preview Assets.xcassets */; };
		B8D68EEA27319E6A00FCE194 /* Main.xcdatamodeld in Sources */ = {isa = PBXBuildFile; fileRef = B8D68EE827319E6A00FCE194 /* Main.xcdatamodeld */; };
		B8D68EEC2731A31600FCE194 /* DataController.swift in Sources */ = {isa = PBXBuildFile; fileRef = B8D68EEB2731A31600FCE194 /* DataController.swift */; };
		B8D68EF1273258FE00FCE194 /* CloudKit.framework in Frameworks */ = {isa = PBXBuildFile; fileRef = B8D68EF0273258FE00FCE194 /* CloudKit.framework */; };
		B8E55FF22734E64B00D4FA33 /* Item-CoreDataHelpers.swift in Sources */ = {isa = PBXBuildFile; fileRef = B8E55FF12734E64B00D4FA33 /* Item-CoreDataHelpers.swift */; };
		B8E55FF42734F57C00D4FA33 /* Project-CoreDataHelpers.swift in Sources */ = {isa = PBXBuildFile; fileRef = B8E55FF32734F57C00D4FA33 /* Project-CoreDataHelpers.swift */; };
/* End PBXBuildFile section */

/* Begin PBXFileReference section */
		B81A83D92737A1FF001C6582 /* EditItemView.swift */ = {isa = PBXFileReference; lastKnownFileType = sourcecode.swift; path = EditItemView.swift; sourceTree = "<group>"; };
		B81A83DB2737B4AA001C6582 /* ItemRowView.swift */ = {isa = PBXFileReference; lastKnownFileType = sourcecode.swift; path = ItemRowView.swift; sourceTree = "<group>"; };
		B823EA0E2733A50E001EF317 /* HomeView.swift */ = {isa = PBXFileReference; lastKnownFileType = sourcecode.swift; path = HomeView.swift; sourceTree = "<group>"; };
		B823EA102733A627001EF317 /* ProjectsView.swift */ = {isa = PBXFileReference; lastKnownFileType = sourcecode.swift; path = ProjectsView.swift; sourceTree = "<group>"; };
		B825DF9F27386181001E7D4F /* Binding-OnChange.swift */ = {isa = PBXFileReference; lastKnownFileType = sourcecode.swift; path = "Binding-OnChange.swift"; sourceTree = "<group>"; };
		B825DFA12739064E001E7D4F /* ProjectHeaderView.swift */ = {isa = PBXFileReference; lastKnownFileType = sourcecode.swift; path = ProjectHeaderView.swift; sourceTree = "<group>"; };
		B825DFA3273910CB001E7D4F /* Colors.xcassets */ = {isa = PBXFileReference; lastKnownFileType = folder.assetcatalog; path = Colors.xcassets; sourceTree = "<group>"; };
		B8515E17273CFD9A00EDE6EA /* Sequence-Sorting.swift */ = {isa = PBXFileReference; lastKnownFileType = sourcecode.swift; path = "Sequence-Sorting.swift"; sourceTree = "<group>"; };
		B8798C98274226B000EA0737 /* Award.swift */ = {isa = PBXFileReference; lastKnownFileType = sourcecode.swift; path = Award.swift; sourceTree = "<group>"; };
		B8798C9A2742280D00EA0737 /* AwardsView.swift */ = {isa = PBXFileReference; lastKnownFileType = sourcecode.swift; path = AwardsView.swift; sourceTree = "<group>"; };
		B88C70BE2742F088001737D1 /* Color-Additions.swift */ = {isa = PBXFileReference; lastKnownFileType = sourcecode.swift; path = "Color-Additions.swift"; sourceTree = "<group>"; };
		B89C791727457B8700DEA605 /* ItemListView.swift */ = {isa = PBXFileReference; lastKnownFileType = sourcecode.swift; path = ItemListView.swift; sourceTree = "<group>"; };
		B89C791927457CE200DEA605 /* ProjectSummaryView.swift */ = {isa = PBXFileReference; lastKnownFileType = sourcecode.swift; path = ProjectSummaryView.swift; sourceTree = "<group>"; };
		B8B2560D27448DE400A5ADB0 /* en */ = {isa = PBXFileReference; lastKnownFileType = text.plist.strings; name = en; path = en.lproj/Localizable.strings; sourceTree = "<group>"; };
		B8B2560F27448DF200A5ADB0 /* vi */ = {isa = PBXFileReference; lastKnownFileType = text.plist.strings; name = vi; path = vi.lproj/Localizable.strings; sourceTree = "<group>"; };
		B8B2561127448EBF00A5ADB0 /* en */ = {isa = PBXFileReference; lastKnownFileType = text.plist.stringsdict; name = en; path = en.lproj/Localizable.stringsdict; sourceTree = "<group>"; };
		B8B2561327448EC000A5ADB0 /* vi */ = {isa = PBXFileReference; lastKnownFileType = text.plist.stringsdict; name = vi; path = vi.lproj/Localizable.stringsdict; sourceTree = "<group>"; };
		B8B256152744907400A5ADB0 /* en */ = {isa = PBXFileReference; lastKnownFileType = text.json; name = en; path = en.lproj/Awards.json; sourceTree = "<group>"; };
		B8B256172744907A00A5ADB0 /* vi */ = {isa = PBXFileReference; lastKnownFileType = text.json; name = vi; path = vi.lproj/Awards.json; sourceTree = "<group>"; };
		B8BBD5D0273E448B005C761A /* SelectSomethingView.swift */ = {isa = PBXFileReference; lastKnownFileType = sourcecode.swift; path = SelectSomethingView.swift; sourceTree = "<group>"; };
		B8D134942739A4D000ADBE24 /* EditProjectView.swift */ = {isa = PBXFileReference; lastKnownFileType = sourcecode.swift; path = EditProjectView.swift; sourceTree = "<group>"; };
		B8D507662740DDBB0066BDDC /* Bundle-Decodable.swift */ = {isa = PBXFileReference; lastKnownFileType = sourcecode.swift; path = "Bundle-Decodable.swift"; sourceTree = "<group>"; };
		B8D68ED727319CFD00FCE194 /* UltimatePortfolio.app */ = {isa = PBXFileReference; explicitFileType = wrapper.application; includeInIndex = 0; path = UltimatePortfolio.app; sourceTree = BUILT_PRODUCTS_DIR; };
		B8D68EDA27319CFD00FCE194 /* UltimatePortfolioApp.swift */ = {isa = PBXFileReference; lastKnownFileType = sourcecode.swift; path = UltimatePortfolioApp.swift; sourceTree = "<group>"; };
		B8D68EDC27319CFD00FCE194 /* ContentView.swift */ = {isa = PBXFileReference; lastKnownFileType = sourcecode.swift; path = ContentView.swift; sourceTree = "<group>"; };
		B8D68EDE27319D0000FCE194 /* Assets.xcassets */ = {isa = PBXFileReference; lastKnownFileType = folder.assetcatalog; path = Assets.xcassets; sourceTree = "<group>"; };
		B8D68EE127319D0000FCE194 /* Preview Assets.xcassets */ = {isa = PBXFileReference; lastKnownFileType = folder.assetcatalog; path = "Preview Assets.xcassets"; sourceTree = "<group>"; };
		B8D68EE927319E6A00FCE194 /* Main.xcdatamodel */ = {isa = PBXFileReference; lastKnownFileType = wrapper.xcdatamodel; path = Main.xcdatamodel; sourceTree = "<group>"; };
		B8D68EEB2731A31600FCE194 /* DataController.swift */ = {isa = PBXFileReference; lastKnownFileType = sourcecode.swift; path = DataController.swift; sourceTree = "<group>"; };
		B8D68EED2732588000FCE194 /* UltimatePortfolio.entitlements */ = {isa = PBXFileReference; lastKnownFileType = text.plist.entitlements; path = UltimatePortfolio.entitlements; sourceTree = "<group>"; };
		B8D68EEE2732589E00FCE194 /* Info.plist */ = {isa = PBXFileReference; lastKnownFileType = text.plist.xml; path = Info.plist; sourceTree = "<group>"; };
		B8D68EF0273258FE00FCE194 /* CloudKit.framework */ = {isa = PBXFileReference; lastKnownFileType = wrapper.framework; name = CloudKit.framework; path = System/Library/Frameworks/CloudKit.framework; sourceTree = SDKROOT; };
		B8E55FF12734E64B00D4FA33 /* Item-CoreDataHelpers.swift */ = {isa = PBXFileReference; lastKnownFileType = sourcecode.swift; path = "Item-CoreDataHelpers.swift"; sourceTree = "<group>"; };
		B8E55FF32734F57C00D4FA33 /* Project-CoreDataHelpers.swift */ = {isa = PBXFileReference; lastKnownFileType = sourcecode.swift; path = "Project-CoreDataHelpers.swift"; sourceTree = "<group>"; };
/* End PBXFileReference section */

/* Begin PBXFrameworksBuildPhase section */
		B8D68ED427319CFD00FCE194 /* Frameworks */ = {
			isa = PBXFrameworksBuildPhase;
			buildActionMask = 2147483647;
			files = (
				B8D68EF1273258FE00FCE194 /* CloudKit.framework in Frameworks */,
			);
			runOnlyForDeploymentPostprocessing = 0;
		};
/* End PBXFrameworksBuildPhase section */

/* Begin PBXGroup section */
		B80278D0274F631300100360 /* Extensions */ = {
			isa = PBXGroup;
			children = (
				B8E55FF12734E64B00D4FA33 /* Item-CoreDataHelpers.swift */,
				B8E55FF32734F57C00D4FA33 /* Project-CoreDataHelpers.swift */,
				B8D507662740DDBB0066BDDC /* Bundle-Decodable.swift */,
				B8515E17273CFD9A00EDE6EA /* Sequence-Sorting.swift */,
				B825DF9F27386181001E7D4F /* Binding-OnChange.swift */,
				B88C70BE2742F088001737D1 /* Color-Additions.swift */,
			);
			path = Extensions;
			sourceTree = "<group>";
		};
		B80278D1274F632200100360 /* Localization */ = {
			isa = PBXGroup;
			children = (
				B8B2560E27448DE400A5ADB0 /* Localizable.strings */,
				B8B2561227448EBF00A5ADB0 /* Localizable.stringsdict */,
			);
			path = Localization;
			sourceTree = "<group>";
		};
		B80278D2274F633600100360 /* Configuration */ = {
			isa = PBXGroup;
			children = (
				B8D68EEE2732589E00FCE194 /* Info.plist */,
				B8D68EE827319E6A00FCE194 /* Main.xcdatamodeld */,
				B8D68EED2732588000FCE194 /* UltimatePortfolio.entitlements */,
			);
			path = Configuration;
			sourceTree = "<group>";
		};
		B80278D3274F661100100360 /* Activities */ = {
			isa = PBXGroup;
			children = (
				B80278D4274F662300100360 /* Home */,
				B80278D5274F662B00100360 /* Projects */,
				B80278D6274F663600100360 /* Awards */,
			);
			path = Activities;
			sourceTree = "<group>";
		};
		B80278D4274F662300100360 /* Home */ = {
			isa = PBXGroup;
			children = (
				B823EA0E2733A50E001EF317 /* HomeView.swift */,
				B89C791727457B8700DEA605 /* ItemListView.swift */,
				B89C791927457CE200DEA605 /* ProjectSummaryView.swift */,
			);
			path = Home;
			sourceTree = "<group>";
		};
		B80278D5274F662B00100360 /* Projects */ = {
			isa = PBXGroup;
			children = (
				B823EA102733A627001EF317 /* ProjectsView.swift */,
				B8BBD5D0273E448B005C761A /* SelectSomethingView.swift */,
				B825DFA12739064E001E7D4F /* ProjectHeaderView.swift */,
				B81A83DB2737B4AA001C6582 /* ItemRowView.swift */,
				B8D134942739A4D000ADBE24 /* EditProjectView.swift */,
				B81A83D92737A1FF001C6582 /* EditItemView.swift */,
			);
			path = Projects;
			sourceTree = "<group>";
		};
		B80278D6274F663600100360 /* Awards */ = {
			isa = PBXGroup;
			children = (
				B8798C9A2742280D00EA0737 /* AwardsView.swift */,
				B8798C98274226B000EA0737 /* Award.swift */,
				B8B256162744907400A5ADB0 /* Awards.json */,
			);
			path = Awards;
			sourceTree = "<group>";
		};
		B8D68ECE27319CFC00FCE194 = {
			isa = PBXGroup;
			children = (
				B8D68ED927319CFD00FCE194 /* UltimatePortfolio */,
				B8D68ED827319CFD00FCE194 /* Products */,
				B8D68EEF273258FE00FCE194 /* Frameworks */,
			);
			sourceTree = "<group>";
		};
		B8D68ED827319CFD00FCE194 /* Products */ = {
			isa = PBXGroup;
			children = (
				B8D68ED727319CFD00FCE194 /* UltimatePortfolio.app */,
			);
			name = Products;
			sourceTree = "<group>";
		};
		B8D68ED927319CFD00FCE194 /* UltimatePortfolio */ = {
			isa = PBXGroup;
			children = (
				B80278D3274F661100100360 /* Activities */,
				B80278D0274F631300100360 /* Extensions */,
				B80278D1274F632200100360 /* Localization */,
				B80278D2274F633600100360 /* Configuration */,
				B8D68EDA27319CFD00FCE194 /* UltimatePortfolioApp.swift */,
				B8D68EEB2731A31600FCE194 /* DataController.swift */,
				B8D68EDC27319CFD00FCE194 /* ContentView.swift */,
				B825DFA3273910CB001E7D4F /* Colors.xcassets */,
				B8D68EDE27319D0000FCE194 /* Assets.xcassets */,
				B8D68EE027319D0000FCE194 /* Preview Content */,
			);
			path = UltimatePortfolio;
			sourceTree = "<group>";
		};
		B8D68EE027319D0000FCE194 /* Preview Content */ = {
			isa = PBXGroup;
			children = (
				B8D68EE127319D0000FCE194 /* Preview Assets.xcassets */,
			);
			path = "Preview Content";
			sourceTree = "<group>";
		};
		B8D68EEF273258FE00FCE194 /* Frameworks */ = {
			isa = PBXGroup;
			children = (
				B8D68EF0273258FE00FCE194 /* CloudKit.framework */,
			);
			name = Frameworks;
			sourceTree = "<group>";
		};
/* End PBXGroup section */

/* Begin PBXNativeTarget section */
		B8D68ED627319CFD00FCE194 /* UltimatePortfolio */ = {
			isa = PBXNativeTarget;
			buildConfigurationList = B8D68EE527319D0000FCE194 /* Build configuration list for PBXNativeTarget "UltimatePortfolio" */;
			buildPhases = (
				B8D68ED327319CFD00FCE194 /* Sources */,
				B8D68ED427319CFD00FCE194 /* Frameworks */,
				B8D68ED527319CFD00FCE194 /* Resources */,
			);
			buildRules = (
			);
			dependencies = (
			);
			name = UltimatePortfolio;
			productName = UltimatePortfolio;
			productReference = B8D68ED727319CFD00FCE194 /* UltimatePortfolio.app */;
			productType = "com.apple.product-type.application";
		};
/* End PBXNativeTarget section */

/* Begin PBXProject section */
		B8D68ECF27319CFC00FCE194 /* Project object */ = {
			isa = PBXProject;
			attributes = {
				BuildIndependentTargetsInParallel = 1;
				LastSwiftUpdateCheck = 1310;
				LastUpgradeCheck = 1310;
				TargetAttributes = {
					B8D68ED627319CFD00FCE194 = {
						CreatedOnToolsVersion = 13.1;
					};
				};
			};
			buildConfigurationList = B8D68ED227319CFC00FCE194 /* Build configuration list for PBXProject "UltimatePortfolio" */;
			compatibilityVersion = "Xcode 13.0";
			developmentRegion = en;
			hasScannedForEncodings = 0;
			knownRegions = (
				en,
				Base,
				vi,
			);
			mainGroup = B8D68ECE27319CFC00FCE194;
			productRefGroup = B8D68ED827319CFD00FCE194 /* Products */;
			projectDirPath = "";
			projectRoot = "";
			targets = (
				B8D68ED627319CFD00FCE194 /* UltimatePortfolio */,
			);
		};
/* End PBXProject section */

/* Begin PBXResourcesBuildPhase section */
		B8D68ED527319CFD00FCE194 /* Resources */ = {
			isa = PBXResourcesBuildPhase;
			buildActionMask = 2147483647;
			files = (
				B8B2560C27448DE400A5ADB0 /* Localizable.strings in Resources */,
				B825DFA4273910CB001E7D4F /* Colors.xcassets in Resources */,
				B8B256142744907400A5ADB0 /* Awards.json in Resources */,
				B8D68EE227319D0000FCE194 /* Preview Assets.xcassets in Resources */,
				B8D68EDF27319D0000FCE194 /* Assets.xcassets in Resources */,
				B8B2561027448EBF00A5ADB0 /* Localizable.stringsdict in Resources */,
			);
			runOnlyForDeploymentPostprocessing = 0;
		};
/* End PBXResourcesBuildPhase section */

/* Begin PBXSourcesBuildPhase section */
		B8D68ED327319CFD00FCE194 /* Sources */ = {
			isa = PBXSourcesBuildPhase;
			buildActionMask = 2147483647;
			files = (
				B823EA112733A627001EF317 /* ProjectsView.swift in Sources */,
				B89C791A27457CE200DEA605 /* ProjectSummaryView.swift in Sources */,
				B8D68EEA27319E6A00FCE194 /* Main.xcdatamodeld in Sources */,
				B8798C9B2742280D00EA0737 /* AwardsView.swift in Sources */,
				B8E55FF42734F57C00D4FA33 /* Project-CoreDataHelpers.swift in Sources */,
				B8D68EEC2731A31600FCE194 /* DataController.swift in Sources */,
				B88C70BF2742F088001737D1 /* Color-Additions.swift in Sources */,
				B8D134952739A4D000ADBE24 /* EditProjectView.swift in Sources */,
				B81A83DC2737B4AA001C6582 /* ItemRowView.swift in Sources */,
				B8BBD5D1273E448B005C761A /* SelectSomethingView.swift in Sources */,
				B8798C99274226B000EA0737 /* Award.swift in Sources */,
				B8D68EDD27319CFD00FCE194 /* ContentView.swift in Sources */,
				B825DFA22739064E001E7D4F /* ProjectHeaderView.swift in Sources */,
				B825DFA027386181001E7D4F /* Binding-OnChange.swift in Sources */,
				B8515E18273CFD9A00EDE6EA /* Sequence-Sorting.swift in Sources */,
				B8D507672740DDBB0066BDDC /* Bundle-Decodable.swift in Sources */,
				B89C791827457B8700DEA605 /* ItemListView.swift in Sources */,
				B823EA0F2733A50E001EF317 /* HomeView.swift in Sources */,
				B8D68EDB27319CFD00FCE194 /* UltimatePortfolioApp.swift in Sources */,
				B8E55FF22734E64B00D4FA33 /* Item-CoreDataHelpers.swift in Sources */,
				B81A83DA2737A1FF001C6582 /* EditItemView.swift in Sources */,
			);
			runOnlyForDeploymentPostprocessing = 0;
		};
/* End PBXSourcesBuildPhase section */

/* Begin PBXVariantGroup section */
		B8B2560E27448DE400A5ADB0 /* Localizable.strings */ = {
			isa = PBXVariantGroup;
			children = (
				B8B2560D27448DE400A5ADB0 /* en */,
				B8B2560F27448DF200A5ADB0 /* vi */,
			);
			name = Localizable.strings;
			sourceTree = "<group>";
		};
		B8B2561227448EBF00A5ADB0 /* Localizable.stringsdict */ = {
			isa = PBXVariantGroup;
			children = (
				B8B2561127448EBF00A5ADB0 /* en */,
				B8B2561327448EC000A5ADB0 /* vi */,
			);
			name = Localizable.stringsdict;
			sourceTree = "<group>";
		};
		B8B256162744907400A5ADB0 /* Awards.json */ = {
			isa = PBXVariantGroup;
			children = (
				B8B256152744907400A5ADB0 /* en */,
				B8B256172744907A00A5ADB0 /* vi */,
			);
			name = Awards.json;
			sourceTree = "<group>";
		};
/* End PBXVariantGroup section */

/* Begin XCBuildConfiguration section */
		B8D68EE327319D0000FCE194 /* Debug */ = {
			isa = XCBuildConfiguration;
			buildSettings = {
				ALWAYS_SEARCH_USER_PATHS = NO;
				CLANG_ANALYZER_NONNULL = YES;
				CLANG_ANALYZER_NUMBER_OBJECT_CONVERSION = YES_AGGRESSIVE;
				CLANG_CXX_LANGUAGE_STANDARD = "gnu++17";
				CLANG_CXX_LIBRARY = "libc++";
				CLANG_ENABLE_MODULES = YES;
				CLANG_ENABLE_OBJC_ARC = YES;
				CLANG_ENABLE_OBJC_WEAK = YES;
				CLANG_WARN_BLOCK_CAPTURE_AUTORELEASING = YES;
				CLANG_WARN_BOOL_CONVERSION = YES;
				CLANG_WARN_COMMA = YES;
				CLANG_WARN_CONSTANT_CONVERSION = YES;
				CLANG_WARN_DEPRECATED_OBJC_IMPLEMENTATIONS = YES;
				CLANG_WARN_DIRECT_OBJC_ISA_USAGE = YES_ERROR;
				CLANG_WARN_DOCUMENTATION_COMMENTS = YES;
				CLANG_WARN_EMPTY_BODY = YES;
				CLANG_WARN_ENUM_CONVERSION = YES;
				CLANG_WARN_INFINITE_RECURSION = YES;
				CLANG_WARN_INT_CONVERSION = YES;
				CLANG_WARN_NON_LITERAL_NULL_CONVERSION = YES;
				CLANG_WARN_OBJC_IMPLICIT_RETAIN_SELF = YES;
				CLANG_WARN_OBJC_LITERAL_CONVERSION = YES;
				CLANG_WARN_OBJC_ROOT_CLASS = YES_ERROR;
				CLANG_WARN_QUOTED_INCLUDE_IN_FRAMEWORK_HEADER = YES;
				CLANG_WARN_RANGE_LOOP_ANALYSIS = YES;
				CLANG_WARN_STRICT_PROTOTYPES = YES;
				CLANG_WARN_SUSPICIOUS_MOVE = YES;
				CLANG_WARN_UNGUARDED_AVAILABILITY = YES_AGGRESSIVE;
				CLANG_WARN_UNREACHABLE_CODE = YES;
				CLANG_WARN__DUPLICATE_METHOD_MATCH = YES;
				COPY_PHASE_STRIP = NO;
				DEBUG_INFORMATION_FORMAT = dwarf;
				ENABLE_STRICT_OBJC_MSGSEND = YES;
				ENABLE_TESTABILITY = YES;
				GCC_C_LANGUAGE_STANDARD = gnu11;
				GCC_DYNAMIC_NO_PIC = NO;
				GCC_NO_COMMON_BLOCKS = YES;
				GCC_OPTIMIZATION_LEVEL = 0;
				GCC_PREPROCESSOR_DEFINITIONS = (
					"DEBUG=1",
					"$(inherited)",
				);
				GCC_WARN_64_TO_32_BIT_CONVERSION = YES;
				GCC_WARN_ABOUT_RETURN_TYPE = YES_ERROR;
				GCC_WARN_UNDECLARED_SELECTOR = YES;
				GCC_WARN_UNINITIALIZED_AUTOS = YES_AGGRESSIVE;
				GCC_WARN_UNUSED_FUNCTION = YES;
				GCC_WARN_UNUSED_VARIABLE = YES;
				IPHONEOS_DEPLOYMENT_TARGET = 15.0;
				MTL_ENABLE_DEBUG_INFO = INCLUDE_SOURCE;
				MTL_FAST_MATH = YES;
				ONLY_ACTIVE_ARCH = YES;
				SDKROOT = iphoneos;
				SWIFT_ACTIVE_COMPILATION_CONDITIONS = DEBUG;
				SWIFT_OPTIMIZATION_LEVEL = "-Onone";
			};
			name = Debug;
		};
		B8D68EE427319D0000FCE194 /* Release */ = {
			isa = XCBuildConfiguration;
			buildSettings = {
				ALWAYS_SEARCH_USER_PATHS = NO;
				CLANG_ANALYZER_NONNULL = YES;
				CLANG_ANALYZER_NUMBER_OBJECT_CONVERSION = YES_AGGRESSIVE;
				CLANG_CXX_LANGUAGE_STANDARD = "gnu++17";
				CLANG_CXX_LIBRARY = "libc++";
				CLANG_ENABLE_MODULES = YES;
				CLANG_ENABLE_OBJC_ARC = YES;
				CLANG_ENABLE_OBJC_WEAK = YES;
				CLANG_WARN_BLOCK_CAPTURE_AUTORELEASING = YES;
				CLANG_WARN_BOOL_CONVERSION = YES;
				CLANG_WARN_COMMA = YES;
				CLANG_WARN_CONSTANT_CONVERSION = YES;
				CLANG_WARN_DEPRECATED_OBJC_IMPLEMENTATIONS = YES;
				CLANG_WARN_DIRECT_OBJC_ISA_USAGE = YES_ERROR;
				CLANG_WARN_DOCUMENTATION_COMMENTS = YES;
				CLANG_WARN_EMPTY_BODY = YES;
				CLANG_WARN_ENUM_CONVERSION = YES;
				CLANG_WARN_INFINITE_RECURSION = YES;
				CLANG_WARN_INT_CONVERSION = YES;
				CLANG_WARN_NON_LITERAL_NULL_CONVERSION = YES;
				CLANG_WARN_OBJC_IMPLICIT_RETAIN_SELF = YES;
				CLANG_WARN_OBJC_LITERAL_CONVERSION = YES;
				CLANG_WARN_OBJC_ROOT_CLASS = YES_ERROR;
				CLANG_WARN_QUOTED_INCLUDE_IN_FRAMEWORK_HEADER = YES;
				CLANG_WARN_RANGE_LOOP_ANALYSIS = YES;
				CLANG_WARN_STRICT_PROTOTYPES = YES;
				CLANG_WARN_SUSPICIOUS_MOVE = YES;
				CLANG_WARN_UNGUARDED_AVAILABILITY = YES_AGGRESSIVE;
				CLANG_WARN_UNREACHABLE_CODE = YES;
				CLANG_WARN__DUPLICATE_METHOD_MATCH = YES;
				COPY_PHASE_STRIP = NO;
				DEBUG_INFORMATION_FORMAT = "dwarf-with-dsym";
				ENABLE_NS_ASSERTIONS = NO;
				ENABLE_STRICT_OBJC_MSGSEND = YES;
				GCC_C_LANGUAGE_STANDARD = gnu11;
				GCC_NO_COMMON_BLOCKS = YES;
				GCC_WARN_64_TO_32_BIT_CONVERSION = YES;
				GCC_WARN_ABOUT_RETURN_TYPE = YES_ERROR;
				GCC_WARN_UNDECLARED_SELECTOR = YES;
				GCC_WARN_UNINITIALIZED_AUTOS = YES_AGGRESSIVE;
				GCC_WARN_UNUSED_FUNCTION = YES;
				GCC_WARN_UNUSED_VARIABLE = YES;
				IPHONEOS_DEPLOYMENT_TARGET = 15.0;
				MTL_ENABLE_DEBUG_INFO = NO;
				MTL_FAST_MATH = YES;
				SDKROOT = iphoneos;
				SWIFT_COMPILATION_MODE = wholemodule;
				SWIFT_OPTIMIZATION_LEVEL = "-O";
				VALIDATE_PRODUCT = YES;
			};
			name = Release;
		};
		B8D68EE627319D0000FCE194 /* Debug */ = {
			isa = XCBuildConfiguration;
			buildSettings = {
				ASSETCATALOG_COMPILER_APPICON_NAME = AppIcon;
				ASSETCATALOG_COMPILER_GLOBAL_ACCENT_COLOR_NAME = AccentColor;
				CODE_SIGN_ENTITLEMENTS = UltimatePortfolio/Configuration/UltimatePortfolio.entitlements;
				CODE_SIGN_STYLE = Automatic;
				CURRENT_PROJECT_VERSION = 1;
				DEVELOPMENT_ASSET_PATHS = "\"UltimatePortfolio/Preview Content\"";
				DEVELOPMENT_TEAM = JS8UZP4T4S;
				ENABLE_PREVIEWS = YES;
				GENERATE_INFOPLIST_FILE = YES;
				INFOPLIST_FILE = UltimatePortfolio/Configuration/Info.plist;
				INFOPLIST_KEY_UIApplicationSceneManifest_Generation = YES;
				INFOPLIST_KEY_UIApplicationSupportsIndirectInputEvents = YES;
				INFOPLIST_KEY_UILaunchScreen_Generation = YES;
				INFOPLIST_KEY_UISupportedInterfaceOrientations_iPad = "UIInterfaceOrientationPortrait UIInterfaceOrientationPortraitUpsideDown UIInterfaceOrientationLandscapeLeft UIInterfaceOrientationLandscapeRight";
				INFOPLIST_KEY_UISupportedInterfaceOrientations_iPhone = "UIInterfaceOrientationPortrait UIInterfaceOrientationLandscapeLeft UIInterfaceOrientationLandscapeRight";
				LD_RUNPATH_SEARCH_PATHS = (
					"$(inherited)",
					"@executable_path/Frameworks",
				);
				MARKETING_VERSION = 1.0;
				PRODUCT_BUNDLE_IDENTIFIER = vunguyen.UltimatePortfolio;
				PRODUCT_NAME = "$(TARGET_NAME)";
				SWIFT_EMIT_LOC_STRINGS = YES;
				SWIFT_VERSION = 5.0;
				TARGETED_DEVICE_FAMILY = "1,2";
			};
			name = Debug;
		};
		B8D68EE727319D0000FCE194 /* Release */ = {
			isa = XCBuildConfiguration;
			buildSettings = {
				ASSETCATALOG_COMPILER_APPICON_NAME = AppIcon;
				ASSETCATALOG_COMPILER_GLOBAL_ACCENT_COLOR_NAME = AccentColor;
				CODE_SIGN_ENTITLEMENTS = UltimatePortfolio/Configuration/UltimatePortfolio.entitlements;
				CODE_SIGN_STYLE = Automatic;
				CURRENT_PROJECT_VERSION = 1;
				DEVELOPMENT_ASSET_PATHS = "\"UltimatePortfolio/Preview Content\"";
				DEVELOPMENT_TEAM = JS8UZP4T4S;
				ENABLE_PREVIEWS = YES;
				GENERATE_INFOPLIST_FILE = YES;
				INFOPLIST_FILE = UltimatePortfolio/Configuration/Info.plist;
				INFOPLIST_KEY_UIApplicationSceneManifest_Generation = YES;
				INFOPLIST_KEY_UIApplicationSupportsIndirectInputEvents = YES;
				INFOPLIST_KEY_UILaunchScreen_Generation = YES;
				INFOPLIST_KEY_UISupportedInterfaceOrientations_iPad = "UIInterfaceOrientationPortrait UIInterfaceOrientationPortraitUpsideDown UIInterfaceOrientationLandscapeLeft UIInterfaceOrientationLandscapeRight";
				INFOPLIST_KEY_UISupportedInterfaceOrientations_iPhone = "UIInterfaceOrientationPortrait UIInterfaceOrientationLandscapeLeft UIInterfaceOrientationLandscapeRight";
				LD_RUNPATH_SEARCH_PATHS = (
					"$(inherited)",
					"@executable_path/Frameworks",
				);
				MARKETING_VERSION = 1.0;
				PRODUCT_BUNDLE_IDENTIFIER = vunguyen.UltimatePortfolio;
				PRODUCT_NAME = "$(TARGET_NAME)";
				SWIFT_EMIT_LOC_STRINGS = YES;
				SWIFT_VERSION = 5.0;
				TARGETED_DEVICE_FAMILY = "1,2";
			};
			name = Release;
		};
/* End XCBuildConfiguration section */

/* Begin XCConfigurationList section */
		B8D68ED227319CFC00FCE194 /* Build configuration list for PBXProject "UltimatePortfolio" */ = {
			isa = XCConfigurationList;
			buildConfigurations = (
				B8D68EE327319D0000FCE194 /* Debug */,
				B8D68EE427319D0000FCE194 /* Release */,
			);
			defaultConfigurationIsVisible = 0;
			defaultConfigurationName = Release;
		};
		B8D68EE527319D0000FCE194 /* Build configuration list for PBXNativeTarget "UltimatePortfolio" */ = {
			isa = XCConfigurationList;
			buildConfigurations = (
				B8D68EE627319D0000FCE194 /* Debug */,
				B8D68EE727319D0000FCE194 /* Release */,
			);
			defaultConfigurationIsVisible = 0;
			defaultConfigurationName = Release;
		};
/* End XCConfigurationList section */

/* Begin XCVersionGroup section */
		B8D68EE827319E6A00FCE194 /* Main.xcdatamodeld */ = {
			isa = XCVersionGroup;
			children = (
				B8D68EE927319E6A00FCE194 /* Main.xcdatamodel */,
			);
			currentVersion = B8D68EE927319E6A00FCE194 /* Main.xcdatamodel */;
			path = Main.xcdatamodeld;
			sourceTree = "<group>";
			versionGroupType = wrapper.xcdatamodel;
		};
/* End XCVersionGroup section */
	};
	rootObject = B8D68ECF27319CFC00FCE194 /* Project object */;
}
